
Microsoft Visual Studio Solution File, Format Version 12.00
# Visual Studio Version 16
VisualStudioVersion = 16.0.33130.400
MinimumVisualStudioVersion = 10.0.40219.1
Project("{8BC9CEB8-8B4A-11D0-8D11-00A0C91BC942}") = "ExercicioMedia", "ExercicioMedia\ExercicioMedia.vcxproj", "{48221676-C970-44CE-876D-10C6C0648013}"
EndProject
Global
	GlobalSection(SolutionConfigurationPlatforms) = preSolution
		Debug|x64 = Debug|x64
		Debug|x86 = Debug|x86
		Release|x64 = Release|x64
		Release|x86 = Release|x86
	EndGlobalSection
	GlobalSection(ProjectConfigurationPlatforms) = postSolution
		{48221676-C970-44CE-876D-10C6C0648013}.Debug|x64.ActiveCfg = Debug|x64
		{48221676-C970-44CE-876D-10C6C0648013}.Debug|x64.Build.0 = Debug|x64
		{48221676-C970-44CE-876D-10C6C0648013}.Debug|x86.ActiveCfg = Debug|Win32
		{48221676-C970-44CE-876D-10C6C0648013}.Debug|x86.Build.0 = Debug|Win32
		{48221676-C970-44CE-876D-10C6C0648013}.Release|x64.ActiveCfg = Release|x64
		{48221676-C970-44CE-876D-10C6C0648013}.Release|x64.Build.0 = Release|x64
		{48221676-C970-44CE-876D-10C6C0648013}.Release|x86.ActiveCfg = Release|Win32
		{48221676-C970-44CE-876D-10C6C0648013}.Release|x86.Build.0 = Release|Win32
	EndGlobalSection
	GlobalSection(SolutionProperties) = preSolution
		HideSolutionNode = FALSE
	EndGlobalSection
	GlobalSection(ExtensibilityGlobals) = postSolution
		SolutionGuid = {69D1B07D-175F-4723-A5DB-BD595B248F67}
	EndGlobalSection
EndGlobal
